
Microsoft Visual Studio Solution File, Format Version 12.00
Project("{FAE04EC0-301F-11D3-BF4B-00C04F79EFBC}") = "ScaleControl.API", "ScaleControl.API\ScaleControl.API.csproj", "{9B81E729-BF7E-4D77-9C96-76BD2BD37C5A}"
EndProject
Project("{FAE04EC0-301F-11D3-BF4B-00C04F79EFBC}") = "ScaleControl.Core", "ScaleControl.Core\ScaleControl.Core.csproj", "{94832C02-BDE5-4248-8DBC-6CE437E11A4A}"
EndProject
Global
	GlobalSection(SolutionConfigurationPlatforms) = preSolution
		Debug|Any CPU = Debug|Any CPU
		Release|Any CPU = Release|Any CPU
	EndGlobalSection
	GlobalSection(ProjectConfigurationPlatforms) = postSolution
		{9B81E729-BF7E-4D77-9C96-76BD2BD37C5A}.Debug|Any CPU.ActiveCfg = Debug|Any CPU
		{9B81E729-BF7E-4D77-9C96-76BD2BD37C5A}.Debug|Any CPU.Build.0 = Debug|Any CPU
		{9B81E729-BF7E-4D77-9C96-76BD2BD37C5A}.Release|Any CPU.ActiveCfg = Release|Any CPU
		{9B81E729-BF7E-4D77-9C96-76BD2BD37C5A}.Release|Any CPU.Build.0 = Release|Any CPU
		{94832C02-BDE5-4248-8DBC-6CE437E11A4A}.Debug|Any CPU.ActiveCfg = Debug|Any CPU
		{94832C02-BDE5-4248-8DBC-6CE437E11A4A}.Debug|Any CPU.Build.0 = Debug|Any CPU
		{94832C02-BDE5-4248-8DBC-6CE437E11A4A}.Release|Any CPU.ActiveCfg = Release|Any CPU
		{94832C02-BDE5-4248-8DBC-6CE437E11A4A}.Release|Any CPU.Build.0 = Release|Any CPU
	EndGlobalSection
EndGlobal
