
Microsoft Visual Studio Solution File, Format Version 12.00
Project("{FAE04EC0-301F-11D3-BF4B-00C04F79EFBC}") = "ScaleControl.API", "ScaleControl.API\ScaleControl.API.csproj", "{FEBDB30D-F6A9-42A3-B812-C836FC84ED36}"
EndProject
Global
	GlobalSection(SolutionConfigurationPlatforms) = preSolution
		Debug|Any CPU = Debug|Any CPU
		Release|Any CPU = Release|Any CPU
	EndGlobalSection
	GlobalSection(ProjectConfigurationPlatforms) = postSolution
		{FEBDB30D-F6A9-42A3-B812-C836FC84ED36}.Debug|Any CPU.ActiveCfg = Debug|Any CPU
		{FEBDB30D-F6A9-42A3-B812-C836FC84ED36}.Debug|Any CPU.Build.0 = Debug|Any CPU
		{FEBDB30D-F6A9-42A3-B812-C836FC84ED36}.Release|Any CPU.ActiveCfg = Release|Any CPU
		{FEBDB30D-F6A9-42A3-B812-C836FC84ED36}.Release|Any CPU.Build.0 = Release|Any CPU
	EndGlobalSection
EndGlobal
